
Microsoft Visual Studio Solution File, Format Version 12.00
# Visual Studio 14
VisualStudioVersion = 14.0.24720.0
MinimumVisualStudioVersion = 10.0.40219.1
Project("{FAE04EC0-301F-11D3-BF4B-00C04F79EFBC}") = "RoboBank.Customer.Domain", "RoboBank.Customer.Domain\RoboBank.Customer.Domain.csproj", "{587C1F5A-AA6E-42CD-A53D-8666DBED1DEF}"
EndProject
Project("{FAE04EC0-301F-11D3-BF4B-00C04F79EFBC}") = "RoboBank.Customer.Application", "RoboBank.Customer.Application\RoboBank.Customer.Application.csproj", "{15BE26CB-841E-4B60-B149-EB4B1707D448}"
EndProject
Project("{FAE04EC0-301F-11D3-BF4B-00C04F79EFBC}") = "RoboBank.Customer.Domain.Tests", "RoboBank.Customer.Domain.Tests\RoboBank.Customer.Domain.Tests.csproj", "{3E53667C-CCA3-41DD-B6AC-50A141397138}"
EndProject
Global
	GlobalSection(SolutionConfigurationPlatforms) = preSolution
		Debug|Any CPU = Debug|Any CPU
		Release|Any CPU = Release|Any CPU
	EndGlobalSection
	GlobalSection(ProjectConfigurationPlatforms) = postSolution
		{587C1F5A-AA6E-42CD-A53D-8666DBED1DEF}.Debug|Any CPU.ActiveCfg = Debug|Any CPU
		{587C1F5A-AA6E-42CD-A53D-8666DBED1DEF}.Debug|Any CPU.Build.0 = Debug|Any CPU
		{587C1F5A-AA6E-42CD-A53D-8666DBED1DEF}.Release|Any CPU.ActiveCfg = Release|Any CPU
		{587C1F5A-AA6E-42CD-A53D-8666DBED1DEF}.Release|Any CPU.Build.0 = Release|Any CPU
		{15BE26CB-841E-4B60-B149-EB4B1707D448}.Debug|Any CPU.ActiveCfg = Debug|Any CPU
		{15BE26CB-841E-4B60-B149-EB4B1707D448}.Debug|Any CPU.Build.0 = Debug|Any CPU
		{15BE26CB-841E-4B60-B149-EB4B1707D448}.Release|Any CPU.ActiveCfg = Release|Any CPU
		{15BE26CB-841E-4B60-B149-EB4B1707D448}.Release|Any CPU.Build.0 = Release|Any CPU
		{3E53667C-CCA3-41DD-B6AC-50A141397138}.Debug|Any CPU.ActiveCfg = Debug|Any CPU
		{3E53667C-CCA3-41DD-B6AC-50A141397138}.Debug|Any CPU.Build.0 = Debug|Any CPU
		{3E53667C-CCA3-41DD-B6AC-50A141397138}.Release|Any CPU.ActiveCfg = Release|Any CPU
		{3E53667C-CCA3-41DD-B6AC-50A141397138}.Release|Any CPU.Build.0 = Release|Any CPU
	EndGlobalSection
	GlobalSection(SolutionProperties) = preSolution
		HideSolutionNode = FALSE
	EndGlobalSection
EndGlobal
