
Microsoft Visual Studio Solution File, Format Version 12.00
# Visual Studio 14
VisualStudioVersion = 14.0.24720.0
MinimumVisualStudioVersion = 10.0.40219.1
Project("{2150E333-8FDC-42A3-9474-1A3956D46DE8}") = "Core", "Core", "{6E1351BA-E995-4B78-8733-E200AA6B0361}"
EndProject
Project("{2150E333-8FDC-42A3-9474-1A3956D46DE8}") = "Adapters", "Adapters", "{02C6B2D0-99C6-4049-900E-B380478E909D}"
EndProject
Project("{FAE04EC0-301F-11D3-BF4B-00C04F79EFBC}") = "RoboBank.Customer.Application", "RoboBank.Customer.Application\RoboBank.Customer.Application.csproj", "{15BE26CB-841E-4B60-B149-EB4B1707D448}"
EndProject
Project("{FAE04EC0-301F-11D3-BF4B-00C04F79EFBC}") = "RoboBank.Customer.Domain", "RoboBank.Customer.Domain\RoboBank.Customer.Domain.csproj", "{587C1F5A-AA6E-42CD-A53D-8666DBED1DEF}"
EndProject
Project("{FAE04EC0-301F-11D3-BF4B-00C04F79EFBC}") = "RoboBank.Customer.Domain.Tests", "RoboBank.Customer.Domain.Tests\RoboBank.Customer.Domain.Tests.csproj", "{3E53667C-CCA3-41DD-B6AC-50A141397138}"
EndProject
Project("{FAE04EC0-301F-11D3-BF4B-00C04F79EFBC}") = "RoboBank.Customer.Application.Adapters", "RoboBank.Customer.Application.Adapters\RoboBank.Customer.Application.Adapters.csproj", "{159E05BD-D74C-4831-A05D-1E1A0063FFA2}"
EndProject
Project("{FAE04EC0-301F-11D3-BF4B-00C04F79EFBC}") = "RoboBank.Customer.Models", "RoboBank.Customer.Models\RoboBank.Customer.Models.csproj", "{DB25C310-E976-4EA2-8B50-1089E970FFC1}"
EndProject
Project("{FAE04EC0-301F-11D3-BF4B-00C04F79EFBC}") = "RoboBank.Customer.Function.GetByExternalId", "RoboBank.Customer.Function.GetByExternalId\RoboBank.Customer.Function.GetByExternalId.csproj", "{6CF80B46-5A0F-4A0D-B986-DA5095BED084}"
EndProject
Project("{FAE04EC0-301F-11D3-BF4B-00C04F79EFBC}") = "RoboBank.Customer.Function.Update", "RoboBank.Customer.Function.Update\RoboBank.Customer.Function.Update.csproj", "{3D189B1E-6C06-40A6-81F6-581DD2685953}"
EndProject
Project("{FAE04EC0-301F-11D3-BF4B-00C04F79EFBC}") = "RoboBank.Customer.Function.GetById", "RoboBank.Customer.Function.GetById\RoboBank.Customer.Function.GetById.csproj", "{1E57B5E4-DB91-4261-9ECB-803F038FB11D}"
EndProject
Project("{FAE04EC0-301F-11D3-BF4B-00C04F79EFBC}") = "RoboBank.Customer.Function.Search", "RoboBank.Customer.Function.Search\RoboBank.Customer.Function.Search.csproj", "{EC89911E-C5F9-4888-ABE2-A51418752E69}"
EndProject
Global
	GlobalSection(SolutionConfigurationPlatforms) = preSolution
		Debug|Any CPU = Debug|Any CPU
		Release|Any CPU = Release|Any CPU
	EndGlobalSection
	GlobalSection(ProjectConfigurationPlatforms) = postSolution
		{15BE26CB-841E-4B60-B149-EB4B1707D448}.Debug|Any CPU.ActiveCfg = Debug|Any CPU
		{15BE26CB-841E-4B60-B149-EB4B1707D448}.Debug|Any CPU.Build.0 = Debug|Any CPU
		{15BE26CB-841E-4B60-B149-EB4B1707D448}.Release|Any CPU.ActiveCfg = Release|Any CPU
		{15BE26CB-841E-4B60-B149-EB4B1707D448}.Release|Any CPU.Build.0 = Release|Any CPU
		{587C1F5A-AA6E-42CD-A53D-8666DBED1DEF}.Debug|Any CPU.ActiveCfg = Debug|Any CPU
		{587C1F5A-AA6E-42CD-A53D-8666DBED1DEF}.Debug|Any CPU.Build.0 = Debug|Any CPU
		{587C1F5A-AA6E-42CD-A53D-8666DBED1DEF}.Release|Any CPU.ActiveCfg = Release|Any CPU
		{587C1F5A-AA6E-42CD-A53D-8666DBED1DEF}.Release|Any CPU.Build.0 = Release|Any CPU
		{3E53667C-CCA3-41DD-B6AC-50A141397138}.Debug|Any CPU.ActiveCfg = Debug|Any CPU
		{3E53667C-CCA3-41DD-B6AC-50A141397138}.Debug|Any CPU.Build.0 = Debug|Any CPU
		{3E53667C-CCA3-41DD-B6AC-50A141397138}.Release|Any CPU.ActiveCfg = Release|Any CPU
		{3E53667C-CCA3-41DD-B6AC-50A141397138}.Release|Any CPU.Build.0 = Release|Any CPU
		{159E05BD-D74C-4831-A05D-1E1A0063FFA2}.Debug|Any CPU.ActiveCfg = Debug|Any CPU
		{159E05BD-D74C-4831-A05D-1E1A0063FFA2}.Debug|Any CPU.Build.0 = Debug|Any CPU
		{159E05BD-D74C-4831-A05D-1E1A0063FFA2}.Release|Any CPU.ActiveCfg = Release|Any CPU
		{159E05BD-D74C-4831-A05D-1E1A0063FFA2}.Release|Any CPU.Build.0 = Release|Any CPU
		{DB25C310-E976-4EA2-8B50-1089E970FFC1}.Debug|Any CPU.ActiveCfg = Debug|Any CPU
		{DB25C310-E976-4EA2-8B50-1089E970FFC1}.Debug|Any CPU.Build.0 = Debug|Any CPU
		{DB25C310-E976-4EA2-8B50-1089E970FFC1}.Release|Any CPU.ActiveCfg = Release|Any CPU
		{DB25C310-E976-4EA2-8B50-1089E970FFC1}.Release|Any CPU.Build.0 = Release|Any CPU
		{6CF80B46-5A0F-4A0D-B986-DA5095BED084}.Debug|Any CPU.ActiveCfg = Debug|Any CPU
		{6CF80B46-5A0F-4A0D-B986-DA5095BED084}.Debug|Any CPU.Build.0 = Debug|Any CPU
		{6CF80B46-5A0F-4A0D-B986-DA5095BED084}.Release|Any CPU.ActiveCfg = Release|Any CPU
		{6CF80B46-5A0F-4A0D-B986-DA5095BED084}.Release|Any CPU.Build.0 = Release|Any CPU
		{3D189B1E-6C06-40A6-81F6-581DD2685953}.Debug|Any CPU.ActiveCfg = Debug|Any CPU
		{3D189B1E-6C06-40A6-81F6-581DD2685953}.Debug|Any CPU.Build.0 = Debug|Any CPU
		{3D189B1E-6C06-40A6-81F6-581DD2685953}.Release|Any CPU.ActiveCfg = Release|Any CPU
		{3D189B1E-6C06-40A6-81F6-581DD2685953}.Release|Any CPU.Build.0 = Release|Any CPU
		{1E57B5E4-DB91-4261-9ECB-803F038FB11D}.Debug|Any CPU.ActiveCfg = Debug|Any CPU
		{1E57B5E4-DB91-4261-9ECB-803F038FB11D}.Debug|Any CPU.Build.0 = Debug|Any CPU
		{1E57B5E4-DB91-4261-9ECB-803F038FB11D}.Release|Any CPU.ActiveCfg = Release|Any CPU
		{1E57B5E4-DB91-4261-9ECB-803F038FB11D}.Release|Any CPU.Build.0 = Release|Any CPU
		{EC89911E-C5F9-4888-ABE2-A51418752E69}.Debug|Any CPU.ActiveCfg = Debug|Any CPU
		{EC89911E-C5F9-4888-ABE2-A51418752E69}.Debug|Any CPU.Build.0 = Debug|Any CPU
		{EC89911E-C5F9-4888-ABE2-A51418752E69}.Release|Any CPU.ActiveCfg = Release|Any CPU
		{EC89911E-C5F9-4888-ABE2-A51418752E69}.Release|Any CPU.Build.0 = Release|Any CPU
	EndGlobalSection
	GlobalSection(SolutionProperties) = preSolution
		HideSolutionNode = FALSE
	EndGlobalSection
	GlobalSection(NestedProjects) = preSolution
		{15BE26CB-841E-4B60-B149-EB4B1707D448} = {6E1351BA-E995-4B78-8733-E200AA6B0361}
		{587C1F5A-AA6E-42CD-A53D-8666DBED1DEF} = {6E1351BA-E995-4B78-8733-E200AA6B0361}
		{3E53667C-CCA3-41DD-B6AC-50A141397138} = {6E1351BA-E995-4B78-8733-E200AA6B0361}
		{159E05BD-D74C-4831-A05D-1E1A0063FFA2} = {02C6B2D0-99C6-4049-900E-B380478E909D}
		{DB25C310-E976-4EA2-8B50-1089E970FFC1} = {02C6B2D0-99C6-4049-900E-B380478E909D}
		{6CF80B46-5A0F-4A0D-B986-DA5095BED084} = {02C6B2D0-99C6-4049-900E-B380478E909D}
		{3D189B1E-6C06-40A6-81F6-581DD2685953} = {02C6B2D0-99C6-4049-900E-B380478E909D}
		{1E57B5E4-DB91-4261-9ECB-803F038FB11D} = {02C6B2D0-99C6-4049-900E-B380478E909D}
		{EC89911E-C5F9-4888-ABE2-A51418752E69} = {02C6B2D0-99C6-4049-900E-B380478E909D}
	EndGlobalSection
EndGlobal
